{
  "originHash" : "6091bffc9b91ac475d5e4d5008c7140d158dc19e03b0762a886ebe8d53eb77b0",
  "pins" : [
    {
      "identity" : "principlemacros",
      "kind" : "remoteSourceControl",
      "location" : "https://github.com/NSFatalError/PrincipleMacros",
      "state" : {
        "revision" : "d55ddb9d15a0e266a01b0153db4a3750da7d33b8",
        "version" : "2.0.4"
      }
    },
    {
      "identity" : "swift-syntax",
      "kind" : "remoteSourceControl",
      "location" : "https://github.com/swiftlang/swift-syntax",
      "state" : {
        "revision" : "f99ae8aa18f0cf0d53481901f88a0991dc3bd4a2",
        "version" : "601.0.1"
      }
    }
  ],
  "version" : 3
}
