{
  "originHash" : "49eb36f5c481140e675566892d53be0c7c4435b2be449b8f8e957fe8d851b19c",
  "pins" : [
    {
      "identity" : "principlemacros",
      "kind" : "remoteSourceControl",
      "location" : "https://github.com/NSFatalError/PrincipleMacros",
      "state" : {
        "revision" : "99f04db9fefe7faa666721c1484197d0a2bd0e15"
      }
    },
    {
      "identity" : "swift-syntax",
      "kind" : "remoteSourceControl",
      "location" : "https://github.com/swiftlang/swift-syntax",
      "state" : {
        "revision" : "4799286537280063c85a32f09884cfbca301b1a1",
        "version" : "602.0.0"
      }
    }
  ],
  "version" : 3
}
