{
  "originHash" : "b17a09e1d940fb0329fbce871bb40b6a014d67a3582dc4b5ced1b2973ff91a37",
  "pins" : [
    {
      "identity" : "principlemacros",
      "kind" : "remoteSourceControl",
      "location" : "https://github.com/NSFatalError/PrincipleMacros",
      "state" : {
        "revision" : "38996a779f7702248aaf6dd3360c9be86faa368c",
        "version" : "3.0.0"
      }
    },
    {
      "identity" : "swift-syntax",
      "kind" : "remoteSourceControl",
      "location" : "https://github.com/swiftlang/swift-syntax",
      "state" : {
        "revision" : "4799286537280063c85a32f09884cfbca301b1a1",
        "version" : "602.0.0"
      }
    }
  ],
  "version" : 3
}
